// !$*UTF8*$!
{
	archiveVersion = 1;
	classes = {
	};
	objectVersion = 50;
	objects = {

/* Begin PBXBuildFile section */
		EBC1B9AE25CCE4D60041688B /* AppDelegate.swift in Sources */ = {isa = PBXBuildFile; fileRef = EBC1B9AD25CCE4D60041688B /* AppDelegate.swift */; };
		EBC1B9B025CCE4D60041688B /* SceneDelegate.swift in Sources */ = {isa = PBXBuildFile; fileRef = EBC1B9AF25CCE4D60041688B /* SceneDelegate.swift */; };
		EBC1B9B225CCE4D60041688B /* ViewController.swift in Sources */ = {isa = PBXBuildFile; fileRef = EBC1B9B125CCE4D60041688B /* ViewController.swift */; };
		EBC1B9B525CCE4D60041688B /* Main.storyboard in Resources */ = {isa = PBXBuildFile; fileRef = EBC1B9B325CCE4D60041688B /* Main.storyboard */; };
		EBC1B9B725CCE4D80041688B /* Assets.xcassets in Resources */ = {isa = PBXBuildFile; fileRef = EBC1B9B625CCE4D80041688B /* Assets.xcassets */; };
		EBC1B9BA25CCE4D80041688B /* LaunchScreen.storyboard in Resources */ = {isa = PBXBuildFile; fileRef = EBC1B9B825CCE4D80041688B /* LaunchScreen.storyboard */; };
		EBC1B9C525CCE4D80041688B /* doodleMakerTests.swift in Sources */ = {isa = PBXBuildFile; fileRef = EBC1B9C425CCE4D80041688B /* doodleMakerTests.swift */; };
		EBC1B9D025CCE4D80041688B /* doodleMakerUITests.swift in Sources */ = {isa = PBXBuildFile; fileRef = EBC1B9CF25CCE4D80041688B /* doodleMakerUITests.swift */; };
/* End PBXBuildFile section */

/* Begin PBXContainerItemProxy section */
		EBC1B9C125CCE4D80041688B /* PBXContainerItemProxy */ = {
			isa = PBXContainerItemProxy;
			containerPortal = EBC1B9A225CCE4D60041688B /* Project object */;
			proxyType = 1;
			remoteGlobalIDString = EBC1B9A925CCE4D60041688B;
			remoteInfo = doodleMaker;
		};
		EBC1B9CC25CCE4D80041688B /* PBXContainerItemProxy */ = {
			isa = PBXContainerItemProxy;
			containerPortal = EBC1B9A225CCE4D60041688B /* Project object */;
			proxyType = 1;
			remoteGlobalIDString = EBC1B9A925CCE4D60041688B;
			remoteInfo = doodleMaker;
		};
/* End PBXContainerItemProxy section */

/* Begin PBXFileReference section */
		EBC1B9AA25CCE4D60041688B /* doodleMaker.app */ = {isa = PBXFileReference; explicitFileType = wrapper.application; includeInIndex = 0; path = doodleMaker.app; sourceTree = BUILT_PRODUCTS_DIR; };
		EBC1B9AD25CCE4D60041688B /* AppDelegate.swift */ = {isa = PBXFileReference; lastKnownFileType = sourcecode.swift; path = AppDelegate.swift; sourceTree = "<group>"; };
		EBC1B9AF25CCE4D60041688B /* SceneDelegate.swift */ = {isa = PBXFileReference; lastKnownFileType = sourcecode.swift; path = SceneDelegate.swift; sourceTree = "<group>"; };
		EBC1B9B125CCE4D60041688B /* ViewController.swift */ = {isa = PBXFileReference; lastKnownFileType = sourcecode.swift; path = ViewController.swift; sourceTree = "<group>"; };
		EBC1B9B425CCE4D60041688B /* Base */ = {isa = PBXFileReference; lastKnownFileType = file.storyboard; name = Base; path = Base.lproj/Main.storyboard; sourceTree = "<group>"; };
		EBC1B9B625CCE4D80041688B /* Assets.xcassets */ = {isa = PBXFileReference; lastKnownFileType = folder.assetcatalog; path = Assets.xcassets; sourceTree = "<group>"; };
		EBC1B9B925CCE4D80041688B /* Base */ = {isa = PBXFileReference; lastKnownFileType = file.storyboard; name = Base; path = Base.lproj/LaunchScreen.storyboard; sourceTree = "<group>"; };
		EBC1B9BB25CCE4D80041688B /* Info.plist */ = {isa = PBXFileReference; lastKnownFileType = text.plist.xml; path = Info.plist; sourceTree = "<group>"; };
		EBC1B9C025CCE4D80041688B /* doodleMakerTests.xctest */ = {isa = PBXFileReference; explicitFileType = wrapper.cfbundle; includeInIndex = 0; path = doodleMakerTests.xctest; sourceTree = BUILT_PRODUCTS_DIR; };
		EBC1B9C425CCE4D80041688B /* doodleMakerTests.swift */ = {isa = PBXFileReference; lastKnownFileType = sourcecode.swift; path = doodleMakerTests.swift; sourceTree = "<group>"; };
		EBC1B9C625CCE4D80041688B /* Info.plist */ = {isa = PBXFileReference; lastKnownFileType = text.plist.xml; path = Info.plist; sourceTree = "<group>"; };
		EBC1B9CB25CCE4D80041688B /* doodleMakerUITests.xctest */ = {isa = PBXFileReference; explicitFileType = wrapper.cfbundle; includeInIndex = 0; path = doodleMakerUITests.xctest; sourceTree = BUILT_PRODUCTS_DIR; };
		EBC1B9CF25CCE4D80041688B /* doodleMakerUITests.swift */ = {isa = PBXFileReference; lastKnownFileType = sourcecode.swift; path = doodleMakerUITests.swift; sourceTree = "<group>"; };
		EBC1B9D125CCE4D80041688B /* Info.plist */ = {isa = PBXFileReference; lastKnownFileType = text.plist.xml; path = Info.plist; sourceTree = "<group>"; };
/* End PBXFileReference section */

/* Begin PBXFrameworksBuildPhase section */
		EBC1B9A725CCE4D60041688B /* Frameworks */ = {
			isa = PBXFrameworksBuildPhase;
			buildActionMask = 2147483647;
			files = (
			);
			runOnlyForDeploymentPostprocessing = 0;
		};
		EBC1B9BD25CCE4D80041688B /* Frameworks */ = {
			isa = PBXFrameworksBuildPhase;
			buildActionMask = 2147483647;
			files = (
			);
			runOnlyForDeploymentPostprocessing = 0;
		};
		EBC1B9C825CCE4D80041688B /* Frameworks */ = {
			isa = PBXFrameworksBuildPhase;
			buildActionMask = 2147483647;
			files = (
			);
			runOnlyForDeploymentPostprocessing = 0;
		};
/* End PBXFrameworksBuildPhase section */

/* Begin PBXGroup section */
		EBC1B9A125CCE4D60041688B = {
			isa = PBXGroup;
			children = (
				EBC1B9AC25CCE4D60041688B /* doodleMaker */,
				EBC1B9C325CCE4D80041688B /* doodleMakerTests */,
				EBC1B9CE25CCE4D80041688B /* doodleMakerUITests */,
				EBC1B9AB25CCE4D60041688B /* Products */,
			);
			sourceTree = "<group>";
		};
		EBC1B9AB25CCE4D60041688B /* Products */ = {
			isa = PBXGroup;
			children = (
				EBC1B9AA25CCE4D60041688B /* doodleMaker.app */,
				EBC1B9C025CCE4D80041688B /* doodleMakerTests.xctest */,
				EBC1B9CB25CCE4D80041688B /* doodleMakerUITests.xctest */,
			);
			name = Products;
			sourceTree = "<group>";
		};
		EBC1B9AC25CCE4D60041688B /* doodleMaker */ = {
			isa = PBXGroup;
			children = (
				EBC1B9AD25CCE4D60041688B /* AppDelegate.swift */,
				EBC1B9AF25CCE4D60041688B /* SceneDelegate.swift */,
				EBC1B9B125CCE4D60041688B /* ViewController.swift */,
				EBC1B9B325CCE4D60041688B /* Main.storyboard */,
				EBC1B9B625CCE4D80041688B /* Assets.xcassets */,
				EBC1B9B825CCE4D80041688B /* LaunchScreen.storyboard */,
				EBC1B9BB25CCE4D80041688B /* Info.plist */,
			);
			path = doodleMaker;
			sourceTree = "<group>";
		};
		EBC1B9C325CCE4D80041688B /* doodleMakerTests */ = {
			isa = PBXGroup;
			children = (
				EBC1B9C425CCE4D80041688B /* doodleMakerTests.swift */,
				EBC1B9C625CCE4D80041688B /* Info.plist */,
			);
			path = doodleMakerTests;
			sourceTree = "<group>";
		};
		EBC1B9CE25CCE4D80041688B /* doodleMakerUITests */ = {
			isa = PBXGroup;
			children = (
				EBC1B9CF25CCE4D80041688B /* doodleMakerUITests.swift */,
				EBC1B9D125CCE4D80041688B /* Info.plist */,
			);
			path = doodleMakerUITests;
			sourceTree = "<group>";
		};
/* End PBXGroup section */

/* Begin PBXNativeTarget section */
		EBC1B9A925CCE4D60041688B /* doodleMaker */ = {
			isa = PBXNativeTarget;
			buildConfigurationList = EBC1B9D425CCE4D80041688B /* Build configuration list for PBXNativeTarget "doodleMaker" */;
			buildPhases = (
				EBC1B9A625CCE4D60041688B /* Sources */,
				EBC1B9A725CCE4D60041688B /* Frameworks */,
				EBC1B9A825CCE4D60041688B /* Resources */,
			);
			buildRules = (
			);
			dependencies = (
			);
			name = doodleMaker;
			productName = doodleMaker;
			productReference = EBC1B9AA25CCE4D60041688B /* doodleMaker.app */;
			productType = "com.apple.product-type.application";
		};
		EBC1B9BF25CCE4D80041688B /* doodleMakerTests */ = {
			isa = PBXNativeTarget;
			buildConfigurationList = EBC1B9D725CCE4D80041688B /* Build configuration list for PBXNativeTarget "doodleMakerTests" */;
			buildPhases = (
				EBC1B9BC25CCE4D80041688B /* Sources */,
				EBC1B9BD25CCE4D80041688B /* Frameworks */,
				EBC1B9BE25CCE4D80041688B /* Resources */,
			);
			buildRules = (
			);
			dependencies = (
				EBC1B9C225CCE4D80041688B /* PBXTargetDependency */,
			);
			name = doodleMakerTests;
			productName = doodleMakerTests;
			productReference = EBC1B9C025CCE4D80041688B /* doodleMakerTests.xctest */;
			productType = "com.apple.product-type.bundle.unit-test";
		};
		EBC1B9CA25CCE4D80041688B /* doodleMakerUITests */ = {
			isa = PBXNativeTarget;
			buildConfigurationList = EBC1B9DA25CCE4D80041688B /* Build configuration list for PBXNativeTarget "doodleMakerUITests" */;
			buildPhases = (
				EBC1B9C725CCE4D80041688B /* Sources */,
				EBC1B9C825CCE4D80041688B /* Frameworks */,
				EBC1B9C925CCE4D80041688B /* Resources */,
			);
			buildRules = (
			);
			dependencies = (
				EBC1B9CD25CCE4D80041688B /* PBXTargetDependency */,
			);
			name = doodleMakerUITests;
			productName = doodleMakerUITests;
			productReference = EBC1B9CB25CCE4D80041688B /* doodleMakerUITests.xctest */;
			productType = "com.apple.product-type.bundle.ui-testing";
		};
/* End PBXNativeTarget section */

/* Begin PBXProject section */
		EBC1B9A225CCE4D60041688B /* Project object */ = {
			isa = PBXProject;
			attributes = {
				LastSwiftUpdateCheck = 1240;
				LastUpgradeCheck = 1240;
				TargetAttributes = {
					EBC1B9A925CCE4D60041688B = {
						CreatedOnToolsVersion = 12.4;
					};
					EBC1B9BF25CCE4D80041688B = {
						CreatedOnToolsVersion = 12.4;
						TestTargetID = EBC1B9A925CCE4D60041688B;
					};
					EBC1B9CA25CCE4D80041688B = {
						CreatedOnToolsVersion = 12.4;
						TestTargetID = EBC1B9A925CCE4D60041688B;
					};
				};
			};
			buildConfigurationList = EBC1B9A525CCE4D60041688B /* Build configuration list for PBXProject "doodleMaker" */;
			compatibilityVersion = "Xcode 9.3";
			developmentRegion = en;
			hasScannedForEncodings = 0;
			knownRegions = (
				en,
				Base,
			);
			mainGroup = EBC1B9A125CCE4D60041688B;
			productRefGroup = EBC1B9AB25CCE4D60041688B /* Products */;
			projectDirPath = "";
			projectRoot = "";
			targets = (
				EBC1B9A925CCE4D60041688B /* doodleMaker */,
				EBC1B9BF25CCE4D80041688B /* doodleMakerTests */,
				EBC1B9CA25CCE4D80041688B /* doodleMakerUITests */,
			);
		};
/* End PBXProject section */

/* Begin PBXResourcesBuildPhase section */
		EBC1B9A825CCE4D60041688B /* Resources */ = {
			isa = PBXResourcesBuildPhase;
			buildActionMask = 2147483647;
			files = (
				EBC1B9BA25CCE4D80041688B /* LaunchScreen.storyboard in Resources */,
				EBC1B9B725CCE4D80041688B /* Assets.xcassets in Resources */,
				EBC1B9B525CCE4D60041688B /* Main.storyboard in Resources */,
			);
			runOnlyForDeploymentPostprocessing = 0;
		};
		EBC1B9BE25CCE4D80041688B /* Resources */ = {
			isa = PBXResourcesBuildPhase;
			buildActionMask = 2147483647;
			files = (
			);
			runOnlyForDeploymentPostprocessing = 0;
		};
		EBC1B9C925CCE4D80041688B /* Resources */ = {
			isa = PBXResourcesBuildPhase;
			buildActionMask = 2147483647;
			files = (
			);
			runOnlyForDeploymentPostprocessing = 0;
		};
/* End PBXResourcesBuildPhase section */

/* Begin PBXSourcesBuildPhase section */
		EBC1B9A625CCE4D60041688B /* Sources */ = {
			isa = PBXSourcesBuildPhase;
			buildActionMask = 2147483647;
			files = (
				EBC1B9B225CCE4D60041688B /* ViewController.swift in Sources */,
				EBC1B9AE25CCE4D60041688B /* AppDelegate.swift in Sources */,
				EBC1B9B025CCE4D60041688B /* SceneDelegate.swift in Sources */,
			);
			runOnlyForDeploymentPostprocessing = 0;
		};
		EBC1B9BC25CCE4D80041688B /* Sources */ = {
			isa = PBXSourcesBuildPhase;
			buildActionMask = 2147483647;
			files = (
				EBC1B9C525CCE4D80041688B /* doodleMakerTests.swift in Sources */,
			);
			runOnlyForDeploymentPostprocessing = 0;
		};
		EBC1B9C725CCE4D80041688B /* Sources */ = {
			isa = PBXSourcesBuildPhase;
			buildActionMask = 2147483647;
			files = (
				EBC1B9D025CCE4D80041688B /* doodleMakerUITests.swift in Sources */,
			);
			runOnlyForDeploymentPostprocessing = 0;
		};
/* End PBXSourcesBuildPhase section */

/* Begin PBXTargetDependency section */
		EBC1B9C225CCE4D80041688B /* PBXTargetDependency */ = {
			isa = PBXTargetDependency;
			target = EBC1B9A925CCE4D60041688B /* doodleMaker */;
			targetProxy = EBC1B9C125CCE4D80041688B /* PBXContainerItemProxy */;
		};
		EBC1B9CD25CCE4D80041688B /* PBXTargetDependency */ = {
			isa = PBXTargetDependency;
			target = EBC1B9A925CCE4D60041688B /* doodleMaker */;
			targetProxy = EBC1B9CC25CCE4D80041688B /* PBXContainerItemProxy */;
		};
/* End PBXTargetDependency section */

/* Begin PBXVariantGroup section */
		EBC1B9B325CCE4D60041688B /* Main.storyboard */ = {
			isa = PBXVariantGroup;
			children = (
				EBC1B9B425CCE4D60041688B /* Base */,
			);
			name = Main.storyboard;
			sourceTree = "<group>";
		};
		EBC1B9B825CCE4D80041688B /* LaunchScreen.storyboard */ = {
			isa = PBXVariantGroup;
			children = (
				EBC1B9B925CCE4D80041688B /* Base */,
			);
			name = LaunchScreen.storyboard;
			sourceTree = "<group>";
		};
/* End PBXVariantGroup section */

/* Begin XCBuildConfiguration section */
		EBC1B9D225CCE4D80041688B /* Debug */ = {
			isa = XCBuildConfiguration;
			buildSettings = {
				ALWAYS_SEARCH_USER_PATHS = NO;
				CLANG_ANALYZER_NONNULL = YES;
				CLANG_ANALYZER_NUMBER_OBJECT_CONVERSION = YES_AGGRESSIVE;
				CLANG_CXX_LANGUAGE_STANDARD = "gnu++14";
				CLANG_CXX_LIBRARY = "libc++";
				CLANG_ENABLE_MODULES = YES;
				CLANG_ENABLE_OBJC_ARC = YES;
				CLANG_ENABLE_OBJC_WEAK = YES;
				CLANG_WARN_BLOCK_CAPTURE_AUTORELEASING = YES;
				CLANG_WARN_BOOL_CONVERSION = YES;
				CLANG_WARN_COMMA = YES;
				CLANG_WARN_CONSTANT_CONVERSION = YES;
				CLANG_WARN_DEPRECATED_OBJC_IMPLEMENTATIONS = YES;
				CLANG_WARN_DIRECT_OBJC_ISA_USAGE = YES_ERROR;
				CLANG_WARN_DOCUMENTATION_COMMENTS = YES;
				CLANG_WARN_EMPTY_BODY = YES;
				CLANG_WARN_ENUM_CONVERSION = YES;
				CLANG_WARN_INFINITE_RECURSION = YES;
				CLANG_WARN_INT_CONVERSION = YES;
				CLANG_WARN_NON_LITERAL_NULL_CONVERSION = YES;
				CLANG_WARN_OBJC_IMPLICIT_RETAIN_SELF = YES;
				CLANG_WARN_OBJC_LITERAL_CONVERSION = YES;
				CLANG_WARN_OBJC_ROOT_CLASS = YES_ERROR;
				CLANG_WARN_QUOTED_INCLUDE_IN_FRAMEWORK_HEADER = YES;
				CLANG_WARN_RANGE_LOOP_ANALYSIS = YES;
				CLANG_WARN_STRICT_PROTOTYPES = YES;
				CLANG_WARN_SUSPICIOUS_MOVE = YES;
				CLANG_WARN_UNGUARDED_AVAILABILITY = YES_AGGRESSIVE;
				CLANG_WARN_UNREACHABLE_CODE = YES;
				CLANG_WARN__DUPLICATE_METHOD_MATCH = YES;
				COPY_PHASE_STRIP = NO;
				DEBUG_INFORMATION_FORMAT = dwarf;
				ENABLE_STRICT_OBJC_MSGSEND = YES;
				ENABLE_TESTABILITY = YES;
				GCC_C_LANGUAGE_STANDARD = gnu11;
				GCC_DYNAMIC_NO_PIC = NO;
				GCC_NO_COMMON_BLOCKS = YES;
				GCC_OPTIMIZATION_LEVEL = 0;
				GCC_PREPROCESSOR_DEFINITIONS = (
					"DEBUG=1",
					"$(inherited)",
				);
				GCC_WARN_64_TO_32_BIT_CONVERSION = YES;
				GCC_WARN_ABOUT_RETURN_TYPE = YES_ERROR;
				GCC_WARN_UNDECLARED_SELECTOR = YES;
				GCC_WARN_UNINITIALIZED_AUTOS = YES_AGGRESSIVE;
				GCC_WARN_UNUSED_FUNCTION = YES;
				GCC_WARN_UNUSED_VARIABLE = YES;
				IPHONEOS_DEPLOYMENT_TARGET = 14.4;
				MTL_ENABLE_DEBUG_INFO = INCLUDE_SOURCE;
				MTL_FAST_MATH = YES;
				ONLY_ACTIVE_ARCH = YES;
				SDKROOT = iphoneos;
				SWIFT_ACTIVE_COMPILATION_CONDITIONS = DEBUG;
				SWIFT_OPTIMIZATION_LEVEL = "-Onone";
			};
			name = Debug;
		};
		EBC1B9D325CCE4D80041688B /* Release */ = {
			isa = XCBuildConfiguration;
			buildSettings = {
				ALWAYS_SEARCH_USER_PATHS = NO;
				CLANG_ANALYZER_NONNULL = YES;
				CLANG_ANALYZER_NUMBER_OBJECT_CONVERSION = YES_AGGRESSIVE;
				CLANG_CXX_LANGUAGE_STANDARD = "gnu++14";
				CLANG_CXX_LIBRARY = "libc++";
				CLANG_ENABLE_MODULES = YES;
				CLANG_ENABLE_OBJC_ARC = YES;
				CLANG_ENABLE_OBJC_WEAK = YES;
				CLANG_WARN_BLOCK_CAPTURE_AUTORELEASING = YES;
				CLANG_WARN_BOOL_CONVERSION = YES;
				CLANG_WARN_COMMA = YES;
				CLANG_WARN_CONSTANT_CONVERSION = YES;
				CLANG_WARN_DEPRECATED_OBJC_IMPLEMENTATIONS = YES;
				CLANG_WARN_DIRECT_OBJC_ISA_USAGE = YES_ERROR;
				CLANG_WARN_DOCUMENTATION_COMMENTS = YES;
				CLANG_WARN_EMPTY_BODY = YES;
				CLANG_WARN_ENUM_CONVERSION = YES;
				CLANG_WARN_INFINITE_RECURSION = YES;
				CLANG_WARN_INT_CONVERSION = YES;
				CLANG_WARN_NON_LITERAL_NULL_CONVERSION = YES;
				CLANG_WARN_OBJC_IMPLICIT_RETAIN_SELF = YES;
				CLANG_WARN_OBJC_LITERAL_CONVERSION = YES;
				CLANG_WARN_OBJC_ROOT_CLASS = YES_ERROR;
				CLANG_WARN_QUOTED_INCLUDE_IN_FRAMEWORK_HEADER = YES;
				CLANG_WARN_RANGE_LOOP_ANALYSIS = YES;
				CLANG_WARN_STRICT_PROTOTYPES = YES;
				CLANG_WARN_SUSPICIOUS_MOVE = YES;
				CLANG_WARN_UNGUARDED_AVAILABILITY = YES_AGGRESSIVE;
				CLANG_WARN_UNREACHABLE_CODE = YES;
				CLANG_WARN__DUPLICATE_METHOD_MATCH = YES;
				COPY_PHASE_STRIP = NO;
				DEBUG_INFORMATION_FORMAT = "dwarf-with-dsym";
				ENABLE_NS_ASSERTIONS = NO;
				ENABLE_STRICT_OBJC_MSGSEND = YES;
				GCC_C_LANGUAGE_STANDARD = gnu11;
				GCC_NO_COMMON_BLOCKS = YES;
				GCC_WARN_64_TO_32_BIT_CONVERSION = YES;
				GCC_WARN_ABOUT_RETURN_TYPE = YES_ERROR;
				GCC_WARN_UNDECLARED_SELECTOR = YES;
				GCC_WARN_UNINITIALIZED_AUTOS = YES_AGGRESSIVE;
				GCC_WARN_UNUSED_FUNCTION = YES;
				GCC_WARN_UNUSED_VARIABLE = YES;
				IPHONEOS_DEPLOYMENT_TARGET = 14.4;
				MTL_ENABLE_DEBUG_INFO = NO;
				MTL_FAST_MATH = YES;
				SDKROOT = iphoneos;
				SWIFT_COMPILATION_MODE = wholemodule;
				SWIFT_OPTIMIZATION_LEVEL = "-O";
				VALIDATE_PRODUCT = YES;
			};
			name = Release;
		};
		EBC1B9D525CCE4D80041688B /* Debug */ = {
			isa = XCBuildConfiguration;
			buildSettings = {
				ASSETCATALOG_COMPILER_APPICON_NAME = AppIcon;
				ASSETCATALOG_COMPILER_GLOBAL_ACCENT_COLOR_NAME = AccentColor;
				CODE_SIGN_STYLE = Automatic;
				DEVELOPMENT_TEAM = J6522LJSM9;
				INFOPLIST_FILE = doodleMaker/Info.plist;
				LD_RUNPATH_SEARCH_PATHS = (
					"$(inherited)",
					"@executable_path/Frameworks",
				);
				PRODUCT_BUNDLE_IDENTIFIER = ronalds.doodleMaker;
				PRODUCT_NAME = "$(TARGET_NAME)";
				SWIFT_VERSION = 5.0;
				TARGETED_DEVICE_FAMILY = "1,2";
			};
			name = Debug;
		};
		EBC1B9D625CCE4D80041688B /* Release */ = {
			isa = XCBuildConfiguration;
			buildSettings = {
				ASSETCATALOG_COMPILER_APPICON_NAME = AppIcon;
				ASSETCATALOG_COMPILER_GLOBAL_ACCENT_COLOR_NAME = AccentColor;
				CODE_SIGN_STYLE = Automatic;
				DEVELOPMENT_TEAM = J6522LJSM9;
				INFOPLIST_FILE = doodleMaker/Info.plist;
				LD_RUNPATH_SEARCH_PATHS = (
					"$(inherited)",
					"@executable_path/Frameworks",
				);
				PRODUCT_BUNDLE_IDENTIFIER = ronalds.doodleMaker;
				PRODUCT_NAME = "$(TARGET_NAME)";
				SWIFT_VERSION = 5.0;
				TARGETED_DEVICE_FAMILY = "1,2";
			};
			name = Release;
		};
		EBC1B9D825CCE4D80041688B /* Debug */ = {
			isa = XCBuildConfiguration;
			buildSettings = {
				ALWAYS_EMBED_SWIFT_STANDARD_LIBRARIES = YES;
				BUNDLE_LOADER = "$(TEST_HOST)";
				CODE_SIGN_STYLE = Automatic;
				DEVELOPMENT_TEAM = J6522LJSM9;
				INFOPLIST_FILE = doodleMakerTests/Info.plist;
				IPHONEOS_DEPLOYMENT_TARGET = 14.4;
				LD_RUNPATH_SEARCH_PATHS = (
					"$(inherited)",
					"@executable_path/Frameworks",
					"@loader_path/Frameworks",
				);
				PRODUCT_BUNDLE_IDENTIFIER = ronalds.doodleMakerTests;
				PRODUCT_NAME = "$(TARGET_NAME)";
				SWIFT_VERSION = 5.0;
				TARGETED_DEVICE_FAMILY = "1,2";
				TEST_HOST = "$(BUILT_PRODUCTS_DIR)/doodleMaker.app/doodleMaker";
			};
			name = Debug;
		};
		EBC1B9D925CCE4D80041688B /* Release */ = {
			isa = XCBuildConfiguration;
			buildSettings = {
				ALWAYS_EMBED_SWIFT_STANDARD_LIBRARIES = YES;
				BUNDLE_LOADER = "$(TEST_HOST)";
				CODE_SIGN_STYLE = Automatic;
				DEVELOPMENT_TEAM = J6522LJSM9;
				INFOPLIST_FILE = doodleMakerTests/Info.plist;
				IPHONEOS_DEPLOYMENT_TARGET = 14.4;
				LD_RUNPATH_SEARCH_PATHS = (
					"$(inherited)",
					"@executable_path/Frameworks",
					"@loader_path/Frameworks",
				);
				PRODUCT_BUNDLE_IDENTIFIER = ronalds.doodleMakerTests;
				PRODUCT_NAME = "$(TARGET_NAME)";
				SWIFT_VERSION = 5.0;
				TARGETED_DEVICE_FAMILY = "1,2";
				TEST_HOST = "$(BUILT_PRODUCTS_DIR)/doodleMaker.app/doodleMaker";
			};
			name = Release;
		};
		EBC1B9DB25CCE4D80041688B /* Debug */ = {
			isa = XCBuildConfiguration;
			buildSettings = {
				ALWAYS_EMBED_SWIFT_STANDARD_LIBRARIES = YES;
				CODE_SIGN_STYLE = Automatic;
				DEVELOPMENT_TEAM = J6522LJSM9;
				INFOPLIST_FILE = doodleMakerUITests/Info.plist;
				LD_RUNPATH_SEARCH_PATHS = (
					"$(inherited)",
					"@executable_path/Frameworks",
					"@loader_path/Frameworks",
				);
				PRODUCT_BUNDLE_IDENTIFIER = ronalds.doodleMakerUITests;
				PRODUCT_NAME = "$(TARGET_NAME)";
				SWIFT_VERSION = 5.0;
				TARGETED_DEVICE_FAMILY = "1,2";
				TEST_TARGET_NAME = doodleMaker;
			};
			name = Debug;
		};
		EBC1B9DC25CCE4D80041688B /* Release */ = {
			isa = XCBuildConfiguration;
			buildSettings = {
				ALWAYS_EMBED_SWIFT_STANDARD_LIBRARIES = YES;
				CODE_SIGN_STYLE = Automatic;
				DEVELOPMENT_TEAM = J6522LJSM9;
				INFOPLIST_FILE = doodleMakerUITests/Info.plist;
				LD_RUNPATH_SEARCH_PATHS = (
					"$(inherited)",
					"@executable_path/Frameworks",
					"@loader_path/Frameworks",
				);
				PRODUCT_BUNDLE_IDENTIFIER = ronalds.doodleMakerUITests;
				PRODUCT_NAME = "$(TARGET_NAME)";
				SWIFT_VERSION = 5.0;
				TARGETED_DEVICE_FAMILY = "1,2";
				TEST_TARGET_NAME = doodleMaker;
			};
			name = Release;
		};
/* End XCBuildConfiguration section */

/* Begin XCConfigurationList section */
		EBC1B9A525CCE4D60041688B /* Build configuration list for PBXProject "doodleMaker" */ = {
			isa = XCConfigurationList;
			buildConfigurations = (
				EBC1B9D225CCE4D80041688B /* Debug */,
				EBC1B9D325CCE4D80041688B /* Release */,
			);
			defaultConfigurationIsVisible = 0;
			defaultConfigurationName = Release;
		};
		EBC1B9D425CCE4D80041688B /* Build configuration list for PBXNativeTarget "doodleMaker" */ = {
			isa = XCConfigurationList;
			buildConfigurations = (
				EBC1B9D525CCE4D80041688B /* Debug */,
				EBC1B9D625CCE4D80041688B /* Release */,
			);
			defaultConfigurationIsVisible = 0;
			defaultConfigurationName = Release;
		};
		EBC1B9D725CCE4D80041688B /* Build configuration list for PBXNativeTarget "doodleMakerTests" */ = {
			isa = XCConfigurationList;
			buildConfigurations = (
				EBC1B9D825CCE4D80041688B /* Debug */,
				EBC1B9D925CCE4D80041688B /* Release */,
			);
			defaultConfigurationIsVisible = 0;
			defaultConfigurationName = Release;
		};
		EBC1B9DA25CCE4D80041688B /* Build configuration list for PBXNativeTarget "doodleMakerUITests" */ = {
			isa = XCConfigurationList;
			buildConfigurations = (
				EBC1B9DB25CCE4D80041688B /* Debug */,
				EBC1B9DC25CCE4D80041688B /* Release */,
			);
			defaultConfigurationIsVisible = 0;
			defaultConfigurationName = Release;
		};
/* End XCConfigurationList section */
	};
	rootObject = EBC1B9A225CCE4D60041688B /* Project object */;
}
